Microsoft Visual Studio Solution File, Format Version 12.00
# Visual Studio 2012
Project("{FAE04EC0-301F-11D3-BF4B-00C04F79EFBC}") = "Dodge", "Dodge.csproj", "{2C1E10F4-9112-4209-8CBD-BE14711E9ABE}"
EndProject
Global
	GlobalSection(SolutionConfigurationPlatforms) = preSolution
	Debug|Any CPU = Debug|Any CPU
	ExportDebug|Any CPU = ExportDebug|Any CPU
	ExportRelease|Any CPU = ExportRelease|Any CPU
	EndGlobalSection
	GlobalSection(ProjectConfigurationPlatforms) = postSolution
		{2C1E10F4-9112-4209-8CBD-BE14711E9ABE}.Debug|Any CPU.ActiveCfg = Debug|Any CPU
		{2C1E10F4-9112-4209-8CBD-BE14711E9ABE}.Debug|Any CPU.Build.0 = Debug|Any CPU
		{2C1E10F4-9112-4209-8CBD-BE14711E9ABE}.ExportDebug|Any CPU.ActiveCfg = ExportDebug|Any CPU
		{2C1E10F4-9112-4209-8CBD-BE14711E9ABE}.ExportDebug|Any CPU.Build.0 = ExportDebug|Any CPU
		{2C1E10F4-9112-4209-8CBD-BE14711E9ABE}.ExportRelease|Any CPU.ActiveCfg = ExportRelease|Any CPU
		{2C1E10F4-9112-4209-8CBD-BE14711E9ABE}.ExportRelease|Any CPU.Build.0 = ExportRelease|Any CPU
	EndGlobalSection
EndGlobal
